
Microsoft Visual Studio Solution File, Format Version 12.00
# Visual Studio Version 16
VisualStudioVersion = 16.0.31911.196
MinimumVisualStudioVersion = 10.0.40219.1
Project("{FAE04EC0-301F-11D3-BF4B-00C04F79EFBC}") = "TestovoeZadanie_Task1", "TestovoeZadanie_Task1\TestovoeZadanie_Task1.csproj", "{38BC9075-F333-439C-8C64-10146679F911}"
EndProject
Global
	GlobalSection(SolutionConfigurationPlatforms) = preSolution
		Debug|Any CPU = Debug|Any CPU
		Release|Any CPU = Release|Any CPU
	EndGlobalSection
	GlobalSection(ProjectConfigurationPlatforms) = postSolution
		{38BC9075-F333-439C-8C64-10146679F911}.Debug|Any CPU.ActiveCfg = Debug|Any CPU
		{38BC9075-F333-439C-8C64-10146679F911}.Debug|Any CPU.Build.0 = Debug|Any CPU
		{38BC9075-F333-439C-8C64-10146679F911}.Release|Any CPU.ActiveCfg = Release|Any CPU
		{38BC9075-F333-439C-8C64-10146679F911}.Release|Any CPU.Build.0 = Release|Any CPU
	EndGlobalSection
	GlobalSection(SolutionProperties) = preSolution
		HideSolutionNode = FALSE
	EndGlobalSection
	GlobalSection(ExtensibilityGlobals) = postSolution
		SolutionGuid = {FA59B583-81A3-425B-8CD6-4E4321C826F2}
	EndGlobalSection
EndGlobal
